{
  "name": "curby",
  "version": "1.0.0",
  "lockfileVersion": 3,
  "requires": true,
  "packages": {
    "": {
      "name": "curby",
      "version": "1.0.0",
      "license": "ISC",
      "dependencies": {
        "@buff-beacon-project/curby-client": "^1.2.0"
      },
      "devDependencies": {}
    },
    "node_modules/@buff-beacon-project/curby-client": {
      "version": "1.2.0",
      "resolved": "https://registry.npmjs.org/@buff-beacon-project/curby-client/-/curby-client-1.2.0.tgz",
      "integrity": "sha512-ONF14dCB5n38rwhO/w7NxUp48e3Ge4idMbR65401Z47KjgLDSAnGU2WXFmvWHus7Ky+6N8dmlDi68HGOi1SUTQ==",
      "license": "MIT",
      "dependencies": {
        "@buff-beacon-project/rand-utils": "^1.0.0",
        "@twine-protocol/twine-core": "^0.1.0",
        "@twine-protocol/twine-http-store": "^0.1.0",
        "itty-fetcher": "^0.9.4",
        "jssha": "^3.3.1",
        "streaming-iterables": "^8.0.1"
      }
    },
    "node_modules/@buff-beacon-project/rand-utils": {
      "version": "1.0.0",
      "resolved": "https://registry.npmjs.org/@buff-beacon-project/rand-utils/-/rand-utils-1.0.0.tgz",
      "integrity": "sha512-JlaheGO15tWVW2wmEXz0N5ORg5P/uEsI2f5rkRl5Z9OiEEL9QvzkD0hjbdCBZJ/KrXeG3ke5oS3ZosHmArkrnQ==",
      "license": "MIT",
      "dependencies": {
        "bit-buffer": "^0.2.5"
      },
      "engines": {
        "node": ">=12"
      }
    },
    "node_modules/@ipld/car": {
      "version": "5.2.4",
      "resolved": "https://registry.npmjs.org/@ipld/car/-/car-5.2.4.tgz",
      "integrity": "sha512-YoVXE/o5HLXKi/Oqh9Nhcn423sdn9brRFKnbUid68/1D332/XINcoyCTvBluFcCw/9IeiTx+sEAV+onXZ/A4eA==",
      "license": "Apache-2.0 OR MIT",
      "dependencies": {
        "@ipld/dag-cbor": "^9.0.0",
        "cborg": "^4.0.0",
        "multiformats": "^12.1.0",
        "varint": "^6.0.0"
      },
      "engines": {
        "node": ">=16.0.0",
        "npm": ">=7.0.0"
      }
    },
    "node_modules/@ipld/car/node_modules/multiformats": {
      "version": "12.1.3",
      "resolved": "https://registry.npmjs.org/multiformats/-/multiformats-12.1.3.tgz",
      "integrity": "sha512-eajQ/ZH7qXZQR2AgtfpmSMizQzmyYVmCql7pdhldPuYQi4atACekbJaQplk6dWyIi10jCaFnd6pqvcEFXjbaJw==",
      "license": "Apache-2.0 OR MIT",
      "engines": {
        "node": ">=16.0.0",
        "npm": ">=7.0.0"
      }
    },
    "node_modules/@ipld/dag-cbor": {
      "version": "9.2.5",
      "resolved": "https://registry.npmjs.org/@ipld/dag-cbor/-/dag-cbor-9.2.5.tgz",
      "integrity": "sha512-84wSr4jv30biui7endhobYhXBQzQE4c/wdoWlFrKcfiwH+ofaPg8fwsM8okX9cOzkkrsAsNdDyH3ou+kiLquwQ==",
      "license": "Apache-2.0 OR MIT",
      "dependencies": {
        "cborg": "^4.0.0",
        "multiformats": "^13.1.0"
      },
      "engines": {
        "node": ">=16.0.0",
        "npm": ">=7.0.0"
      }
    },
    "node_modules/@ipld/dag-json": {
      "version": "10.2.5",
      "resolved": "https://registry.npmjs.org/@ipld/dag-json/-/dag-json-10.2.5.tgz",
      "integrity": "sha512-Q4Fr3IBDEN8gkpgNefynJ4U/ZO5Kwr7WSUMBDbZx0c37t0+IwQCTM9yJh8l5L4SRFjm31MuHwniZ/kM+P7GQ3Q==",
      "license": "Apache-2.0 OR MIT",
      "dependencies": {
        "cborg": "^4.0.0",
        "multiformats": "^13.1.0"
      },
      "engines": {
        "node": ">=16.0.0",
        "npm": ">=7.0.0"
      }
    },
    "node_modules/@multiformats/sha3": {
      "version": "3.0.2",
      "resolved": "https://registry.npmjs.org/@multiformats/sha3/-/sha3-3.0.2.tgz",
      "integrity": "sha512-fBxODTXa1sOWYB9q6GSFe2HYSVwMEdnPa7c7FgNhr/rMFQ2HGtwmRppTm317HSpGSTUkoTvyKQDNcteJEGU+bg==",
      "license": "Apache-2.0 OR MIT",
      "dependencies": {
        "js-sha3": "^0.9.1",
        "multiformats": "^13.0.0"
      }
    },
    "node_modules/@twine-protocol/twine-core": {
      "version": "0.1.0",
      "resolved": "https://registry.npmjs.org/@twine-protocol/twine-core/-/twine-core-0.1.0.tgz",
      "integrity": "sha512-TRmhtwjFlabfXCnTiwrlPNf80X3BGCG7Bv8TU48qDzSdN1mqJSIBWzIW2f+yWz1ds0geDHbfYQFs31KoOtC06A==",
      "dependencies": {
        "@ipld/dag-cbor": "^9.0.6",
        "@ipld/dag-json": "^10.1.5",
        "@multiformats/sha3": "^3.0.1",
        "jose": "^4.15.3",
        "multiformats": "13.3.1"
      }
    },
    "node_modules/@twine-protocol/twine-http-store": {
      "version": "0.1.0",
      "resolved": "https://registry.npmjs.org/@twine-protocol/twine-http-store/-/twine-http-store-0.1.0.tgz",
      "integrity": "sha512-/sqan8zyUZ7D1xmuXXfngDiscC5P4vvfSzo65dtuWJYxpxnfl0hi4EseKJhlgeulsLU72G331zxVzw14CKXwlQ==",
      "dependencies": {
        "@ipld/car": "5.2.4",
        "@twine-protocol/twine-core": "0.1.0",
        "itty-fetcher": "^0.9.4",
        "multiformats": "13.3.1"
      }
    },
    "node_modules/bit-buffer": {
      "version": "0.2.5",
      "resolved": "https://registry.npmjs.org/bit-buffer/-/bit-buffer-0.2.5.tgz",
      "integrity": "sha512-x1yGnmXvFg6e3DiyRztElbcn1bsCTFSoM/ncAzY62uE0JdTl5xlKJd0ooqLYoPbhdsnpehSIQrdIvclcZJYwiA==",
      "license": "MIT"
    },
    "node_modules/cborg": {
      "version": "4.2.18",
      "resolved": "https://registry.npmjs.org/cborg/-/cborg-4.2.18.tgz",
      "integrity": "sha512-uzhkd5HOaLccokqeZa5B0Qz7/aa9C12pmUq5yU3vcy6I6OhTKdPHSzOuBPZfcoQHdcx8Emz/dWZbPNNfF/puvg==",
      "license": "Apache-2.0",
      "bin": {
        "cborg": "lib/bin.js"
      }
    },
    "node_modules/itty-fetcher": {
      "version": "0.9.4",
      "resolved": "https://registry.npmjs.org/itty-fetcher/-/itty-fetcher-0.9.4.tgz",
      "integrity": "sha512-o5YpTmov46EbzTrrVpeR9sRK3itWa32VsV9Fv04CzzDm1ZvAXG0RoOGjT9ECOwyipheNf4eLTkstfbRtG8Epgg==",
      "license": "MIT"
    },
    "node_modules/jose": {
      "version": "4.15.9",
      "resolved": "https://registry.npmjs.org/jose/-/jose-4.15.9.tgz",
      "integrity": "sha512-1vUQX+IdDMVPj4k8kOxgUqlcK518yluMuGZwqlr44FS1ppZB/5GWh4rZG89erpOBOJjU/OBsnCVFfapsRz6nEA==",
      "license": "MIT",
      "funding": {
        "url": "https://github.com/sponsors/panva"
      }
    },
    "node_modules/js-sha3": {
      "version": "0.9.3",
      "resolved": "https://registry.npmjs.org/js-sha3/-/js-sha3-0.9.3.tgz",
      "integrity": "sha512-BcJPCQeLg6WjEx3FE591wVAevlli8lxsxm9/FzV4HXkV49TmBH38Yvrpce6fjbADGMKFrBMGTqrVz3qPIZ88Gg==",
      "license": "MIT"
    },
    "node_modules/jssha": {
      "version": "3.3.1",
      "resolved": "https://registry.npmjs.org/jssha/-/jssha-3.3.1.tgz",
      "integrity": "sha512-VCMZj12FCFMQYcFLPRm/0lOBbLi8uM2BhXPTqw3U4YAfs4AZfiApOoBLoN8cQE60Z50m1MYMTQVCfgF/KaCVhQ==",
      "license": "BSD-3-Clause",
      "engines": {
        "node": "*"
      }
    },
    "node_modules/multiformats": {
      "version": "13.3.1",
      "resolved": "https://registry.npmjs.org/multiformats/-/multiformats-13.3.1.tgz",
      "integrity": "sha512-QxowxTNwJ3r5RMctoGA5p13w5RbRT2QDkoM+yFlqfLiioBp78nhDjnRLvmSBI9+KAqN4VdgOVWM9c0CHd86m3g==",
      "license": "Apache-2.0 OR MIT"
    },
    "node_modules/streaming-iterables": {
      "version": "8.0.1",
      "resolved": "https://registry.npmjs.org/streaming-iterables/-/streaming-iterables-8.0.1.tgz",
      "integrity": "sha512-yfQdmUB1b+rGLZkD/r6YisT/eNOjZxBAckXKlzYNmRJnwSzHaiScykD8gsQceFcShtK09qAbLhOqvzIpnBPoDQ==",
      "license": "MIT",
      "engines": {
        "node": ">=18"
      }
    },
    "node_modules/varint": {
      "version": "6.0.0",
      "resolved": "https://registry.npmjs.org/varint/-/varint-6.0.0.tgz",
      "integrity": "sha512-cXEIW6cfr15lFv563k4GuVuW/fiwjknytD37jIOLSdSWuOI6WnO/oKwmP2FQTU2l01LP8/M5TSAJpzUaGe3uWg==",
      "license": "MIT"
    }
  }
}
